
Microsoft Visual Studio Solution File, Format Version 12.00
# Visual Studio Version 17
VisualStudioVersion = 17.3.32929.385
MinimumVisualStudioVersion = 10.0.40219.1
Project("{FAE04EC0-301F-11D3-BF4B-00C04F79EFBC}") = "VinFletchersArrows", "VinFletchersArrows.csproj", "{55DAF191-59D8-4C3C-8548-71F083B3AF86}"
EndProject
Global
	GlobalSection(SolutionConfigurationPlatforms) = preSolution
		Debug|Any CPU = Debug|Any CPU
		Release|Any CPU = Release|Any CPU
	EndGlobalSection
	GlobalSection(ProjectConfigurationPlatforms) = postSolution
		{55DAF191-59D8-4C3C-8548-71F083B3AF86}.Debug|Any CPU.ActiveCfg = Debug|Any CPU
		{55DAF191-59D8-4C3C-8548-71F083B3AF86}.Debug|Any CPU.Build.0 = Debug|Any CPU
		{55DAF191-59D8-4C3C-8548-71F083B3AF86}.Release|Any CPU.ActiveCfg = Release|Any CPU
		{55DAF191-59D8-4C3C-8548-71F083B3AF86}.Release|Any CPU.Build.0 = Release|Any CPU
	EndGlobalSection
	GlobalSection(SolutionProperties) = preSolution
		HideSolutionNode = FALSE
	EndGlobalSection
	GlobalSection(ExtensibilityGlobals) = postSolution
		SolutionGuid = {3F53293F-D847-410F-9423-9670C877B2E5}
	EndGlobalSection
EndGlobal
