
Microsoft Visual Studio Solution File, Format Version 12.00
# Visual Studio Version 17
VisualStudioVersion = 17.3.32929.385
MinimumVisualStudioVersion = 10.0.40219.1
Project("{FAE04EC0-301F-11D3-BF4B-00C04F79EFBC}") = "The Replicator of D'To", "The Replicator of D'To.csproj", "{D4768F9C-90BC-4D0C-BF15-1DED879ACA5C}"
EndProject
Global
	GlobalSection(SolutionConfigurationPlatforms) = preSolution
		Debug|Any CPU = Debug|Any CPU
		Release|Any CPU = Release|Any CPU
	EndGlobalSection
	GlobalSection(ProjectConfigurationPlatforms) = postSolution
		{D4768F9C-90BC-4D0C-BF15-1DED879ACA5C}.Debug|Any CPU.ActiveCfg = Debug|Any CPU
		{D4768F9C-90BC-4D0C-BF15-1DED879ACA5C}.Debug|Any CPU.Build.0 = Debug|Any CPU
		{D4768F9C-90BC-4D0C-BF15-1DED879ACA5C}.Release|Any CPU.ActiveCfg = Release|Any CPU
		{D4768F9C-90BC-4D0C-BF15-1DED879ACA5C}.Release|Any CPU.Build.0 = Release|Any CPU
	EndGlobalSection
	GlobalSection(SolutionProperties) = preSolution
		HideSolutionNode = FALSE
	EndGlobalSection
	GlobalSection(ExtensibilityGlobals) = postSolution
		SolutionGuid = {224F61CB-32BD-4C97-A0F8-7E96A36438DC}
	EndGlobalSection
EndGlobal
