
Microsoft Visual Studio Solution File, Format Version 12.00
# Visual Studio Version 17
VisualStudioVersion = 17.3.32929.385
MinimumVisualStudioVersion = 10.0.40219.1
Project("{FAE04EC0-301F-11D3-BF4B-00C04F79EFBC}") = "Lvl-14_Hunting the Manticore_Capstone", "Lvl-14_Hunting the Manticore_Capstone.csproj", "{A6D7EB6D-0AE9-467C-AD05-BF5392D8F340}"
EndProject
Global
	GlobalSection(SolutionConfigurationPlatforms) = preSolution
		Debug|Any CPU = Debug|Any CPU
		Release|Any CPU = Release|Any CPU
	EndGlobalSection
	GlobalSection(ProjectConfigurationPlatforms) = postSolution
		{A6D7EB6D-0AE9-467C-AD05-BF5392D8F340}.Debug|Any CPU.ActiveCfg = Debug|Any CPU
		{A6D7EB6D-0AE9-467C-AD05-BF5392D8F340}.Debug|Any CPU.Build.0 = Debug|Any CPU
		{A6D7EB6D-0AE9-467C-AD05-BF5392D8F340}.Release|Any CPU.ActiveCfg = Release|Any CPU
		{A6D7EB6D-0AE9-467C-AD05-BF5392D8F340}.Release|Any CPU.Build.0 = Release|Any CPU
	EndGlobalSection
	GlobalSection(SolutionProperties) = preSolution
		HideSolutionNode = FALSE
	EndGlobalSection
	GlobalSection(ExtensibilityGlobals) = postSolution
		SolutionGuid = {0454B46A-E671-408E-8A44-130984D41DAC}
	EndGlobalSection
EndGlobal
