
Microsoft Visual Studio Solution File, Format Version 12.00
# Visual Studio Version 17
VisualStudioVersion = 17.3.32929.385
MinimumVisualStudioVersion = 10.0.40219.1
Project("{FAE04EC0-301F-11D3-BF4B-00C04F79EFBC}") = "TheMagicCannon", "TheMagicCannon.csproj", "{B5AE69EE-A876-4323-87C5-104293D34A0E}"
EndProject
Global
	GlobalSection(SolutionConfigurationPlatforms) = preSolution
		Debug|Any CPU = Debug|Any CPU
		Release|Any CPU = Release|Any CPU
	EndGlobalSection
	GlobalSection(ProjectConfigurationPlatforms) = postSolution
		{B5AE69EE-A876-4323-87C5-104293D34A0E}.Debug|Any CPU.ActiveCfg = Debug|Any CPU
		{B5AE69EE-A876-4323-87C5-104293D34A0E}.Debug|Any CPU.Build.0 = Debug|Any CPU
		{B5AE69EE-A876-4323-87C5-104293D34A0E}.Release|Any CPU.ActiveCfg = Release|Any CPU
		{B5AE69EE-A876-4323-87C5-104293D34A0E}.Release|Any CPU.Build.0 = Release|Any CPU
	EndGlobalSection
	GlobalSection(SolutionProperties) = preSolution
		HideSolutionNode = FALSE
	EndGlobalSection
	GlobalSection(ExtensibilityGlobals) = postSolution
		SolutionGuid = {F0647054-3ADD-4222-AD71-8B4BA9976798}
	EndGlobalSection
EndGlobal
